
Microsoft Visual Studio Solution File, Format Version 12.00
# Visual Studio Version 17
VisualStudioVersion = 17.2.32616.157
MinimumVisualStudioVersion = 10.0.40219.1
Project("{FAE04EC0-301F-11D3-BF4B-00C04F79EFBC}") = "LanchesMac", "LanchesMac\LanchesMac.csproj", "{84F96F01-F275-41CD-93B4-1A45852BAB74}"
EndProject
Global
	GlobalSection(SolutionConfigurationPlatforms) = preSolution
		Debug|Any CPU = Debug|Any CPU
		Release|Any CPU = Release|Any CPU
	EndGlobalSection
	GlobalSection(ProjectConfigurationPlatforms) = postSolution
		{84F96F01-F275-41CD-93B4-1A45852BAB74}.Debug|Any CPU.ActiveCfg = Debug|Any CPU
		{84F96F01-F275-41CD-93B4-1A45852BAB74}.Debug|Any CPU.Build.0 = Debug|Any CPU
		{84F96F01-F275-41CD-93B4-1A45852BAB74}.Release|Any CPU.ActiveCfg = Release|Any CPU
		{84F96F01-F275-41CD-93B4-1A45852BAB74}.Release|Any CPU.Build.0 = Release|Any CPU
	EndGlobalSection
	GlobalSection(SolutionProperties) = preSolution
		HideSolutionNode = FALSE
	EndGlobalSection
	GlobalSection(ExtensibilityGlobals) = postSolution
		SolutionGuid = {5E0B7DF5-AADE-4083-9365-38167C2618DB}
	EndGlobalSection
EndGlobal
